
Microsoft Visual Studio Solution File, Format Version 12.00
# Visual Studio Version 16
VisualStudioVersion = 16.0.30907.101
MinimumVisualStudioVersion = 10.0.40219.1
Project("{FAE04EC0-301F-11D3-BF4B-00C04F79EFBC}") = "kliuwa", "kliuwa\kliuwa.csproj", "{A870C502-0922-4438-8F4B-F6D54934F154}"
EndProject
Global
	GlobalSection(SolutionConfigurationPlatforms) = preSolution
		Debug|Any CPU = Debug|Any CPU
		Release|Any CPU = Release|Any CPU
	EndGlobalSection
	GlobalSection(ProjectConfigurationPlatforms) = postSolution
		{A870C502-0922-4438-8F4B-F6D54934F154}.Debug|Any CPU.ActiveCfg = Debug|Any CPU
		{A870C502-0922-4438-8F4B-F6D54934F154}.Debug|Any CPU.Build.0 = Debug|Any CPU
		{A870C502-0922-4438-8F4B-F6D54934F154}.Release|Any CPU.ActiveCfg = Release|Any CPU
		{A870C502-0922-4438-8F4B-F6D54934F154}.Release|Any CPU.Build.0 = Release|Any CPU
	EndGlobalSection
	GlobalSection(SolutionProperties) = preSolution
		HideSolutionNode = FALSE
	EndGlobalSection
	GlobalSection(ExtensibilityGlobals) = postSolution
		SolutionGuid = {E5E6DFE5-20A2-41C3-BDAE-534FEB7470BE}
	EndGlobalSection
EndGlobal
